{
  "name": "ainu",
  "version": "1.0.0",
  "lockfileVersion": 2,
  "requires": true,
  "packages": {
    "": {
      "name": "ainu",
      "version": "1.0.0",
      "dependencies": {
        "dotenv": "^16.0.3",
        "irc-upd": "^0.11.0"
      },
      "devDependencies": {
        "@types/irc": "^0.5.1",
        "typescript": "^4.8.4"
      }
    },
    "node_modules/@types/irc": {
      "version": "0.5.1",
      "resolved": "https://registry.npmjs.org/@types/irc/-/irc-0.5.1.tgz",
      "integrity": "sha512-lc0v1lY6OHkyrX/gJH8fRIeN1KBkyBF6Ot6mOUK0ontnzXJIOA2D3/ggrT6eZS3p/lp+kOUBtw30B1/rHBZbog==",
      "dev": true,
      "dependencies": {
        "@types/node": "*"
      }
    },
    "node_modules/@types/node": {
      "version": "18.11.4",
      "resolved": "https://registry.npmjs.org/@types/node/-/node-18.11.4.tgz",
      "integrity": "sha512-BxcJpBu8D3kv/GZkx/gSMz6VnTJREBj/4lbzYOQueUOELkt8WrO6zAcSPmp9uRPEW/d+lUO8QK0W2xnS1hEU0A==",
      "dev": true
    },
    "node_modules/chardet": {
      "version": "1.5.0",
      "resolved": "https://registry.npmjs.org/chardet/-/chardet-1.5.0.tgz",
      "integrity": "sha512-Nj3VehbbFs/1ZnJJJaL3ztEf3Nu5Fs6YV/NBs6lyz/iDDHUU+X9QNk5QgPy1/5Rjtb/cGVf+NyazP7kVEJqKRg==",
      "optional": true
    },
    "node_modules/dotenv": {
      "version": "16.0.3",
      "resolved": "https://registry.npmjs.org/dotenv/-/dotenv-16.0.3.tgz",
      "integrity": "sha512-7GO6HghkA5fYG9TYnNxi14/7K9f5occMlp3zXAuSxn7CKCxt9xbNWG7yF8hTCSUchlfWSe3uLmlPfigevRItzQ==",
      "engines": {
        "node": ">=12"
      }
    },
    "node_modules/iconv-lite": {
      "version": "0.6.3",
      "resolved": "https://registry.npmjs.org/iconv-lite/-/iconv-lite-0.6.3.tgz",
      "integrity": "sha512-4fCk79wshMdzMp2rH06qWrJE4iolqLhCUH+OiuIgU++RB0+94NlDL81atO7GX55uUKueo0txHNtvEyI6D7WdMw==",
      "optional": true,
      "dependencies": {
        "safer-buffer": ">= 2.1.2 < 3.0.0"
      },
      "engines": {
        "node": ">=0.10.0"
      }
    },
    "node_modules/irc-colors": {
      "version": "1.5.0",
      "resolved": "https://registry.npmjs.org/irc-colors/-/irc-colors-1.5.0.tgz",
      "integrity": "sha512-HtszKchBQTcqw1DC09uD7i7vvMayHGM1OCo6AHt5pkgZEyo99ClhHTMJdf+Ezc9ovuNNxcH89QfyclGthjZJOw==",
      "engines": {
        "node": ">=6"
      }
    },
    "node_modules/irc-upd": {
      "version": "0.11.0",
      "resolved": "https://registry.npmjs.org/irc-upd/-/irc-upd-0.11.0.tgz",
      "integrity": "sha512-A1hV5cUkl5HZsKWRYcszD2Usfz33hB8igSSox8dEmrMyfy8/Ra6T/o4jwzs7jYMZ7ljLquSIWzcvSZHZ/bEAZA==",
      "dependencies": {
        "irc-colors": "^1.5.0"
      },
      "engines": {
        "node": ">=0.10.0"
      },
      "optionalDependencies": {
        "chardet": "^1.2.1",
        "iconv-lite": "^0.6.2"
      }
    },
    "node_modules/safer-buffer": {
      "version": "2.1.2",
      "resolved": "https://registry.npmjs.org/safer-buffer/-/safer-buffer-2.1.2.tgz",
      "integrity": "sha512-YZo3K82SD7Riyi0E1EQPojLz7kpepnSQI9IyPbHHg1XXXevb5dJI7tpyN2ADxGcQbHG7vcyRHk0cbwqcQriUtg==",
      "optional": true
    },
    "node_modules/typescript": {
      "version": "4.8.4",
      "resolved": "https://registry.npmjs.org/typescript/-/typescript-4.8.4.tgz",
      "integrity": "sha512-QCh+85mCy+h0IGff8r5XWzOVSbBO+KfeYrMQh7NJ58QujwcE22u+NUSmUxqF+un70P9GXKxa2HCNiTTMJknyjQ==",
      "dev": true,
      "bin": {
        "tsc": "bin/tsc",
        "tsserver": "bin/tsserver"
      },
      "engines": {
        "node": ">=4.2.0"
      }
    }
  },
  "dependencies": {
    "@types/irc": {
      "version": "0.5.1",
      "resolved": "https://registry.npmjs.org/@types/irc/-/irc-0.5.1.tgz",
      "integrity": "sha512-lc0v1lY6OHkyrX/gJH8fRIeN1KBkyBF6Ot6mOUK0ontnzXJIOA2D3/ggrT6eZS3p/lp+kOUBtw30B1/rHBZbog==",
      "dev": true,
      "requires": {
        "@types/node": "*"
      }
    },
    "@types/node": {
      "version": "18.11.4",
      "resolved": "https://registry.npmjs.org/@types/node/-/node-18.11.4.tgz",
      "integrity": "sha512-BxcJpBu8D3kv/GZkx/gSMz6VnTJREBj/4lbzYOQueUOELkt8WrO6zAcSPmp9uRPEW/d+lUO8QK0W2xnS1hEU0A==",
      "dev": true
    },
    "chardet": {
      "version": "1.5.0",
      "resolved": "https://registry.npmjs.org/chardet/-/chardet-1.5.0.tgz",
      "integrity": "sha512-Nj3VehbbFs/1ZnJJJaL3ztEf3Nu5Fs6YV/NBs6lyz/iDDHUU+X9QNk5QgPy1/5Rjtb/cGVf+NyazP7kVEJqKRg==",
      "optional": true
    },
    "dotenv": {
      "version": "16.0.3",
      "resolved": "https://registry.npmjs.org/dotenv/-/dotenv-16.0.3.tgz",
      "integrity": "sha512-7GO6HghkA5fYG9TYnNxi14/7K9f5occMlp3zXAuSxn7CKCxt9xbNWG7yF8hTCSUchlfWSe3uLmlPfigevRItzQ=="
    },
    "iconv-lite": {
      "version": "0.6.3",
      "resolved": "https://registry.npmjs.org/iconv-lite/-/iconv-lite-0.6.3.tgz",
      "integrity": "sha512-4fCk79wshMdzMp2rH06qWrJE4iolqLhCUH+OiuIgU++RB0+94NlDL81atO7GX55uUKueo0txHNtvEyI6D7WdMw==",
      "optional": true,
      "requires": {
        "safer-buffer": ">= 2.1.2 < 3.0.0"
      }
    },
    "irc-colors": {
      "version": "1.5.0",
      "resolved": "https://registry.npmjs.org/irc-colors/-/irc-colors-1.5.0.tgz",
      "integrity": "sha512-HtszKchBQTcqw1DC09uD7i7vvMayHGM1OCo6AHt5pkgZEyo99ClhHTMJdf+Ezc9ovuNNxcH89QfyclGthjZJOw=="
    },
    "irc-upd": {
      "version": "0.11.0",
      "resolved": "https://registry.npmjs.org/irc-upd/-/irc-upd-0.11.0.tgz",
      "integrity": "sha512-A1hV5cUkl5HZsKWRYcszD2Usfz33hB8igSSox8dEmrMyfy8/Ra6T/o4jwzs7jYMZ7ljLquSIWzcvSZHZ/bEAZA==",
      "requires": {
        "chardet": "^1.2.1",
        "iconv-lite": "^0.6.2",
        "irc-colors": "^1.5.0"
      }
    },
    "safer-buffer": {
      "version": "2.1.2",
      "resolved": "https://registry.npmjs.org/safer-buffer/-/safer-buffer-2.1.2.tgz",
      "integrity": "sha512-YZo3K82SD7Riyi0E1EQPojLz7kpepnSQI9IyPbHHg1XXXevb5dJI7tpyN2ADxGcQbHG7vcyRHk0cbwqcQriUtg==",
      "optional": true
    },
    "typescript": {
      "version": "4.8.4",
      "resolved": "https://registry.npmjs.org/typescript/-/typescript-4.8.4.tgz",
      "integrity": "sha512-QCh+85mCy+h0IGff8r5XWzOVSbBO+KfeYrMQh7NJ58QujwcE22u+NUSmUxqF+un70P9GXKxa2HCNiTTMJknyjQ==",
      "dev": true
    }
  }
}
